
Microsoft Visual Studio Solution File, Format Version 12.00
# Visual Studio Version 17
VisualStudioVersion = 17.11.35312.102
MinimumVisualStudioVersion = 10.0.40219.1
Project("{FAE04EC0-301F-11D3-BF4B-00C04F79EFBC}") = "ConsoleApp9", "ConsoleApp9\ConsoleApp9.csproj", "{7CAE0BB0-26BA-42E3-A284-39FC7AB4D924}"
EndProject
Project("{FAE04EC0-301F-11D3-BF4B-00C04F79EFBC}") = "ConsoleApp1", "ConsoleApp1\ConsoleApp1.csproj", "{8DF625AD-1DA7-41D1-AB48-6471D651344A}"
EndProject
Global
	GlobalSection(SolutionConfigurationPlatforms) = preSolution
		Debug|Any CPU = Debug|Any CPU
		Release|Any CPU = Release|Any CPU
	EndGlobalSection
	GlobalSection(ProjectConfigurationPlatforms) = postSolution
		{7CAE0BB0-26BA-42E3-A284-39FC7AB4D924}.Debug|Any CPU.ActiveCfg = Debug|Any CPU
		{7CAE0BB0-26BA-42E3-A284-39FC7AB4D924}.Debug|Any CPU.Build.0 = Debug|Any CPU
		{7CAE0BB0-26BA-42E3-A284-39FC7AB4D924}.Release|Any CPU.ActiveCfg = Release|Any CPU
		{7CAE0BB0-26BA-42E3-A284-39FC7AB4D924}.Release|Any CPU.Build.0 = Release|Any CPU
		{8DF625AD-1DA7-41D1-AB48-6471D651344A}.Debug|Any CPU.ActiveCfg = Debug|Any CPU
		{8DF625AD-1DA7-41D1-AB48-6471D651344A}.Debug|Any CPU.Build.0 = Debug|Any CPU
		{8DF625AD-1DA7-41D1-AB48-6471D651344A}.Release|Any CPU.ActiveCfg = Release|Any CPU
		{8DF625AD-1DA7-41D1-AB48-6471D651344A}.Release|Any CPU.Build.0 = Release|Any CPU
	EndGlobalSection
	GlobalSection(SolutionProperties) = preSolution
		HideSolutionNode = FALSE
	EndGlobalSection
	GlobalSection(ExtensibilityGlobals) = postSolution
		SolutionGuid = {B3198B03-9855-4403-8D21-02151DD9F76F}
	EndGlobalSection
EndGlobal
